
Microsoft Visual Studio Solution File, Format Version 12.00
# Visual Studio 14
VisualStudioVersion = 14.0.25123.0
MinimumVisualStudioVersion = 10.0.40219.1
Project("{FAE04EC0-301F-11D3-BF4B-00C04F79EFBC}") = "EmailSender.Tests", "EmailSender.Tests\EmailSender.Tests.csproj", "{8B3CF97E-88F0-4318-A359-0AC9DFC1B65C}"
EndProject
Project("{FAE04EC0-301F-11D3-BF4B-00C04F79EFBC}") = "EmailSender.EmailServices", "EmailSender.EmailServices\EmailSender.EmailServices.csproj", "{D4DC8823-5F47-47DD-A32B-6A06C4193AE2}"
EndProject
Project("{FAE04EC0-301F-11D3-BF4B-00C04F79EFBC}") = "EmailSender.ActorSystemServices", "EmailSender.ActorSystemServices\EmailSender.ActorSystemServices.csproj", "{54BA2FF2-19B5-4DC3-A9D5-153618B18620}"
EndProject
Global
	GlobalSection(SolutionConfigurationPlatforms) = preSolution
		Debug|Any CPU = Debug|Any CPU
		Release|Any CPU = Release|Any CPU
	EndGlobalSection
	GlobalSection(ProjectConfigurationPlatforms) = postSolution
		{8B3CF97E-88F0-4318-A359-0AC9DFC1B65C}.Debug|Any CPU.ActiveCfg = Debug|Any CPU
		{8B3CF97E-88F0-4318-A359-0AC9DFC1B65C}.Debug|Any CPU.Build.0 = Debug|Any CPU
		{8B3CF97E-88F0-4318-A359-0AC9DFC1B65C}.Release|Any CPU.ActiveCfg = Release|Any CPU
		{8B3CF97E-88F0-4318-A359-0AC9DFC1B65C}.Release|Any CPU.Build.0 = Release|Any CPU
		{D4DC8823-5F47-47DD-A32B-6A06C4193AE2}.Debug|Any CPU.ActiveCfg = Debug|Any CPU
		{D4DC8823-5F47-47DD-A32B-6A06C4193AE2}.Debug|Any CPU.Build.0 = Debug|Any CPU
		{D4DC8823-5F47-47DD-A32B-6A06C4193AE2}.Release|Any CPU.ActiveCfg = Release|Any CPU
		{D4DC8823-5F47-47DD-A32B-6A06C4193AE2}.Release|Any CPU.Build.0 = Release|Any CPU
		{54BA2FF2-19B5-4DC3-A9D5-153618B18620}.Debug|Any CPU.ActiveCfg = Debug|Any CPU
		{54BA2FF2-19B5-4DC3-A9D5-153618B18620}.Debug|Any CPU.Build.0 = Debug|Any CPU
		{54BA2FF2-19B5-4DC3-A9D5-153618B18620}.Release|Any CPU.ActiveCfg = Release|Any CPU
		{54BA2FF2-19B5-4DC3-A9D5-153618B18620}.Release|Any CPU.Build.0 = Release|Any CPU
	EndGlobalSection
	GlobalSection(SolutionProperties) = preSolution
		HideSolutionNode = FALSE
	EndGlobalSection
EndGlobal
